# This file was autogenerated by Stack.
# You should not edit this file by hand.
# For more information, please see the documentation at:
#   https://docs.haskellstack.org/en/stable/lock_files

snapshots:
- original:
    url: https://raw.githubusercontent.com/commercialhaskell/stackage-snapshots/master/lts/17/13.yaml
  completed:
    sha256: 84fa3ab606af79b1239ec213e8db5d49e4857f461eda9ac61fe589c967643b7d
    url: https://raw.githubusercontent.com/commercialhaskell/stackage-snapshots/master/lts/17/13.yaml
    size: 567675
packages:
- original:
    hackage: emoji-0.1.0.2
  completed:
    pantry-tree:
      sha256: dd9ea90a631342e5db0fc21331ade4d563a685e9125d5a3989eefa8e1b96c6c6
      size: 437
    hackage: emoji-0.1.0.2@sha256:d995572a5c7dcd28f98eb15c6e387a7b3bda1ac2477ab0d9dba8580d5d7b161f,1273
- original:
    hackage: discord-haskell-1.8.6
  completed:
    pantry-tree:
      sha256: 4cc7b8f7c38a8618e0fdeba223bb1cd7bd9caca0df75016b2d866ac2a7619d82
      size: 2107
    hackage: discord-haskell-1.8.6@sha256:59aa6be20aa7ee107251beb2b98a185c9b656af8afc8da8ba6737808b24f2b45,3562
- original:
    hackage: parsec-3.1.14.0
  completed:
    pantry-tree:
      sha256: 495a86688c6e89faf38b8804cc4c9216709e9a6a93cf56c2f07d5bef83f09a17
      size: 2574
    hackage: parsec-3.1.14.0@sha256:72d5c57e6e126adaa781ab97b19dc76f68490c0a3d88f14038219994cabe94e1,4356
